
Microsoft Visual Studio Solution File, Format Version 12.00
# Visual Studio 2013
VisualStudioVersion = 12.0.21005.1
MinimumVisualStudioVersion = 10.0.40219.1
Project("{2150E333-8FDC-42A3-9474-1A3956D46DE8}") = "Quartz", "Quartz", "{E3C81570-F449-4C43-9021-A404148206B3}"
EndProject
Project("{FAE04EC0-301F-11D3-BF4B-00C04F79EFBC}") = "Quartz.ByCode", "Quartz.ByCode\Quartz.ByCode.csproj", "{7637CAE5-8386-4638-B69D-826E94555085}"
EndProject
Project("{FAE04EC0-301F-11D3-BF4B-00C04F79EFBC}") = "Quartz.Common", "Quartz.Common\Quartz.Common.csproj", "{52A12F34-891F-47B3-9160-F802D09C05D9}"
EndProject
Project("{FAE04EC0-301F-11D3-BF4B-00C04F79EFBC}") = "Quartz.AutoLoadJob", "Quartz.AutoLoadJob\Quartz.AutoLoadJob.csproj", "{56ACE9F9-2339-405E-B631-14CBC1807BD8}"
EndProject
Project("{FAE04EC0-301F-11D3-BF4B-00C04F79EFBC}") = "Quartz.ByManualLoadJobConfig", "Quartz.ByManualLoadJobConfig\Quartz.ByManualLoadJobConfig.csproj", "{8077F547-3D58-46F2-B850-F0CC6AAC656C}"
EndProject
Project("{2150E333-8FDC-42A3-9474-1A3956D46DE8}") = "Topshelf", "Topshelf", "{2AC4C9F9-21DC-4703-8974-A0ADE30EA397}"
EndProject
Project("{FAE04EC0-301F-11D3-BF4B-00C04F79EFBC}") = "Topshelf.Demo", "Topshelf.Demo\Topshelf.Demo.csproj", "{5622DB28-042A-49D9-8199-2006DC1C3CA6}"
EndProject
Project("{2150E333-8FDC-42A3-9474-1A3956D46DE8}") = "Log4Net", "Log4Net", "{E7DE22A6-E0CC-4EAA-A15F-7CB43C7CCB09}"
EndProject
Project("{FAE04EC0-301F-11D3-BF4B-00C04F79EFBC}") = "Log4Net.Demo", "Log4Net.Demo\Log4Net.Demo.csproj", "{8019D727-74F6-46ED-8D86-DFAB3580A28D}"
EndProject
Project("{2150E333-8FDC-42A3-9474-1A3956D46DE8}") = "integration", "integration", "{E251D611-C399-4A51-B492-E45565B1B8E7}"
EndProject
Project("{FAE04EC0-301F-11D3-BF4B-00C04F79EFBC}") = "topshelf.log4net.quartz", "topshelf.log4net.quartz\topshelf.log4net.quartz.csproj", "{FBC72C9D-D156-459B-A132-123F8D7C5507}"
EndProject
Project("{2150E333-8FDC-42A3-9474-1A3956D46DE8}") = "AForge", "AForge", "{45F4D4B9-78A3-4F6C-9A14-3EA56B009505}"
EndProject
Project("{FAE04EC0-301F-11D3-BF4B-00C04F79EFBC}") = "AForge.Winform", "AForge.Winform\AForge.Winform.csproj", "{7612A3BB-8296-4BFF-BFB2-DAE04E93CD46}"
EndProject
Project("{2150E333-8FDC-42A3-9474-1A3956D46DE8}") = "WCF", "WCF", "{1FBB51B7-C887-4203-A87E-BB50F3CEBBB0}"
EndProject
Project("{FAE04EC0-301F-11D3-BF4B-00C04F79EFBC}") = "WCF.Server.ByCode", "WCF.Server.ByCode\WCF.Server.ByCode.csproj", "{3995AC6D-6646-43B9-9413-2549F117BFD7}"
EndProject
Project("{FAE04EC0-301F-11D3-BF4B-00C04F79EFBC}") = "WCF.Server.ByConfig", "WCF.Server.ByConfig\WCF.Server.ByConfig.csproj", "{C32EC59C-14EF-4616-B6F7-10E123298A07}"
EndProject
Project("{FAE04EC0-301F-11D3-BF4B-00C04F79EFBC}") = "WCF.Client", "WCF.Client\WCF.Client.csproj", "{F5EF7ED3-AEA0-41CD-91BA-6EF27C8A2938}"
EndProject
Project("{FAE04EC0-301F-11D3-BF4B-00C04F79EFBC}") = "WCF.Server.CustomValidator", "WCF.Server.CustomValidator\WCF.Server.CustomValidator.csproj", "{841DC677-BE6F-46C6-8BF0-B36D76F7602B}"
EndProject
Project("{FAE04EC0-301F-11D3-BF4B-00C04F79EFBC}") = "WCF.Client.UsernameConfig", "WCF.Client.UsernameConfig\WCF.Client.UsernameConfig.csproj", "{5BE499B8-C550-455D-89B5-CDB391A4F1B0}"
EndProject
Project("{2150E333-8FDC-42A3-9474-1A3956D46DE8}") = "SuperSocket", "SuperSocket", "{05593E23-7556-4CC6-827E-973D14CA08B9}"
EndProject
Project("{FAE04EC0-301F-11D3-BF4B-00C04F79EFBC}") = "SuperSocket.Basic", "SuperSocket.Basic\SuperSocket.Basic.csproj", "{D2EC4DED-5D94-4B3C-93F1-94F8FF1A0748}"
EndProject
Project("{FAE04EC0-301F-11D3-BF4B-00C04F79EFBC}") = "SuperSocket.Command", "SuperSocket.Command\SuperSocket.Command.csproj", "{70BB32CF-7F04-44A5-8A92-CF2CD7410987}"
EndProject
Project("{FAE04EC0-301F-11D3-BF4B-00C04F79EFBC}") = "SuperSocket.SelfDefinedAppSession", "SuperSocket.SelfDefinedAppSession\SuperSocket.SelfDefinedAppSession.csproj", "{3A9AFCFD-C770-4955-98CD-DCFEE1B2850A}"
EndProject
Project("{FAE04EC0-301F-11D3-BF4B-00C04F79EFBC}") = "SuperSocket.ByConfig", "SuperSocket.ByConfig\SuperSocket.ByConfig.csproj", "{5F37499D-FD34-4F01-8891-6471E27D7601}"
EndProject
Project("{FAE04EC0-301F-11D3-BF4B-00C04F79EFBC}") = "SuperSocket.BuiltInProtocol", "SuperSocket.BuiltInProtocol\SuperSocket.BuiltInProtocol.csproj", "{682173CE-525F-4EDB-969B-81A714024FEF}"
EndProject
Project("{FAE04EC0-301F-11D3-BF4B-00C04F79EFBC}") = "AForge.Video", "AForge.Video\AForge.Video.csproj", "{BC325219-13DD-41EA-8960-0CEC456F4AA5}"
EndProject
Global
	GlobalSection(SolutionConfigurationPlatforms) = preSolution
		Debug|Any CPU = Debug|Any CPU
		Debug|x86 = Debug|x86
		Release|Any CPU = Release|Any CPU
		Release|x86 = Release|x86
	EndGlobalSection
	GlobalSection(ProjectConfigurationPlatforms) = postSolution
		{7637CAE5-8386-4638-B69D-826E94555085}.Debug|Any CPU.ActiveCfg = Debug|Any CPU
		{7637CAE5-8386-4638-B69D-826E94555085}.Debug|Any CPU.Build.0 = Debug|Any CPU
		{7637CAE5-8386-4638-B69D-826E94555085}.Debug|x86.ActiveCfg = Debug|Any CPU
		{7637CAE5-8386-4638-B69D-826E94555085}.Release|Any CPU.ActiveCfg = Release|Any CPU
		{7637CAE5-8386-4638-B69D-826E94555085}.Release|Any CPU.Build.0 = Release|Any CPU
		{7637CAE5-8386-4638-B69D-826E94555085}.Release|x86.ActiveCfg = Release|Any CPU
		{52A12F34-891F-47B3-9160-F802D09C05D9}.Debug|Any CPU.ActiveCfg = Debug|Any CPU
		{52A12F34-891F-47B3-9160-F802D09C05D9}.Debug|Any CPU.Build.0 = Debug|Any CPU
		{52A12F34-891F-47B3-9160-F802D09C05D9}.Debug|x86.ActiveCfg = Debug|Any CPU
		{52A12F34-891F-47B3-9160-F802D09C05D9}.Release|Any CPU.ActiveCfg = Release|Any CPU
		{52A12F34-891F-47B3-9160-F802D09C05D9}.Release|Any CPU.Build.0 = Release|Any CPU
		{52A12F34-891F-47B3-9160-F802D09C05D9}.Release|x86.ActiveCfg = Release|Any CPU
		{56ACE9F9-2339-405E-B631-14CBC1807BD8}.Debug|Any CPU.ActiveCfg = Debug|Any CPU
		{56ACE9F9-2339-405E-B631-14CBC1807BD8}.Debug|Any CPU.Build.0 = Debug|Any CPU
		{56ACE9F9-2339-405E-B631-14CBC1807BD8}.Debug|x86.ActiveCfg = Debug|Any CPU
		{56ACE9F9-2339-405E-B631-14CBC1807BD8}.Release|Any CPU.ActiveCfg = Release|Any CPU
		{56ACE9F9-2339-405E-B631-14CBC1807BD8}.Release|Any CPU.Build.0 = Release|Any CPU
		{56ACE9F9-2339-405E-B631-14CBC1807BD8}.Release|x86.ActiveCfg = Release|Any CPU
		{8077F547-3D58-46F2-B850-F0CC6AAC656C}.Debug|Any CPU.ActiveCfg = Debug|Any CPU
		{8077F547-3D58-46F2-B850-F0CC6AAC656C}.Debug|Any CPU.Build.0 = Debug|Any CPU
		{8077F547-3D58-46F2-B850-F0CC6AAC656C}.Debug|x86.ActiveCfg = Debug|Any CPU
		{8077F547-3D58-46F2-B850-F0CC6AAC656C}.Release|Any CPU.ActiveCfg = Release|Any CPU
		{8077F547-3D58-46F2-B850-F0CC6AAC656C}.Release|Any CPU.Build.0 = Release|Any CPU
		{8077F547-3D58-46F2-B850-F0CC6AAC656C}.Release|x86.ActiveCfg = Release|Any CPU
		{5622DB28-042A-49D9-8199-2006DC1C3CA6}.Debug|Any CPU.ActiveCfg = Debug|Any CPU
		{5622DB28-042A-49D9-8199-2006DC1C3CA6}.Debug|Any CPU.Build.0 = Debug|Any CPU
		{5622DB28-042A-49D9-8199-2006DC1C3CA6}.Debug|x86.ActiveCfg = Debug|Any CPU
		{5622DB28-042A-49D9-8199-2006DC1C3CA6}.Release|Any CPU.ActiveCfg = Release|Any CPU
		{5622DB28-042A-49D9-8199-2006DC1C3CA6}.Release|Any CPU.Build.0 = Release|Any CPU
		{5622DB28-042A-49D9-8199-2006DC1C3CA6}.Release|x86.ActiveCfg = Release|Any CPU
		{8019D727-74F6-46ED-8D86-DFAB3580A28D}.Debug|Any CPU.ActiveCfg = Debug|Any CPU
		{8019D727-74F6-46ED-8D86-DFAB3580A28D}.Debug|Any CPU.Build.0 = Debug|Any CPU
		{8019D727-74F6-46ED-8D86-DFAB3580A28D}.Debug|x86.ActiveCfg = Debug|Any CPU
		{8019D727-74F6-46ED-8D86-DFAB3580A28D}.Release|Any CPU.ActiveCfg = Release|Any CPU
		{8019D727-74F6-46ED-8D86-DFAB3580A28D}.Release|Any CPU.Build.0 = Release|Any CPU
		{8019D727-74F6-46ED-8D86-DFAB3580A28D}.Release|x86.ActiveCfg = Release|Any CPU
		{FBC72C9D-D156-459B-A132-123F8D7C5507}.Debug|Any CPU.ActiveCfg = Debug|Any CPU
		{FBC72C9D-D156-459B-A132-123F8D7C5507}.Debug|Any CPU.Build.0 = Debug|Any CPU
		{FBC72C9D-D156-459B-A132-123F8D7C5507}.Debug|x86.ActiveCfg = Debug|Any CPU
		{FBC72C9D-D156-459B-A132-123F8D7C5507}.Release|Any CPU.ActiveCfg = Release|Any CPU
		{FBC72C9D-D156-459B-A132-123F8D7C5507}.Release|Any CPU.Build.0 = Release|Any CPU
		{FBC72C9D-D156-459B-A132-123F8D7C5507}.Release|x86.ActiveCfg = Release|Any CPU
		{7612A3BB-8296-4BFF-BFB2-DAE04E93CD46}.Debug|Any CPU.ActiveCfg = Debug|Any CPU
		{7612A3BB-8296-4BFF-BFB2-DAE04E93CD46}.Debug|Any CPU.Build.0 = Debug|Any CPU
		{7612A3BB-8296-4BFF-BFB2-DAE04E93CD46}.Debug|x86.ActiveCfg = Debug|Any CPU
		{7612A3BB-8296-4BFF-BFB2-DAE04E93CD46}.Release|Any CPU.ActiveCfg = Release|Any CPU
		{7612A3BB-8296-4BFF-BFB2-DAE04E93CD46}.Release|Any CPU.Build.0 = Release|Any CPU
		{7612A3BB-8296-4BFF-BFB2-DAE04E93CD46}.Release|x86.ActiveCfg = Release|Any CPU
		{3995AC6D-6646-43B9-9413-2549F117BFD7}.Debug|Any CPU.ActiveCfg = Debug|Any CPU
		{3995AC6D-6646-43B9-9413-2549F117BFD7}.Debug|Any CPU.Build.0 = Debug|Any CPU
		{3995AC6D-6646-43B9-9413-2549F117BFD7}.Debug|x86.ActiveCfg = Debug|Any CPU
		{3995AC6D-6646-43B9-9413-2549F117BFD7}.Release|Any CPU.ActiveCfg = Release|Any CPU
		{3995AC6D-6646-43B9-9413-2549F117BFD7}.Release|Any CPU.Build.0 = Release|Any CPU
		{3995AC6D-6646-43B9-9413-2549F117BFD7}.Release|x86.ActiveCfg = Release|Any CPU
		{C32EC59C-14EF-4616-B6F7-10E123298A07}.Debug|Any CPU.ActiveCfg = Debug|Any CPU
		{C32EC59C-14EF-4616-B6F7-10E123298A07}.Debug|Any CPU.Build.0 = Debug|Any CPU
		{C32EC59C-14EF-4616-B6F7-10E123298A07}.Debug|x86.ActiveCfg = Debug|Any CPU
		{C32EC59C-14EF-4616-B6F7-10E123298A07}.Release|Any CPU.ActiveCfg = Release|Any CPU
		{C32EC59C-14EF-4616-B6F7-10E123298A07}.Release|Any CPU.Build.0 = Release|Any CPU
		{C32EC59C-14EF-4616-B6F7-10E123298A07}.Release|x86.ActiveCfg = Release|Any CPU
		{F5EF7ED3-AEA0-41CD-91BA-6EF27C8A2938}.Debug|Any CPU.ActiveCfg = Debug|Any CPU
		{F5EF7ED3-AEA0-41CD-91BA-6EF27C8A2938}.Debug|Any CPU.Build.0 = Debug|Any CPU
		{F5EF7ED3-AEA0-41CD-91BA-6EF27C8A2938}.Debug|x86.ActiveCfg = Debug|Any CPU
		{F5EF7ED3-AEA0-41CD-91BA-6EF27C8A2938}.Release|Any CPU.ActiveCfg = Release|Any CPU
		{F5EF7ED3-AEA0-41CD-91BA-6EF27C8A2938}.Release|Any CPU.Build.0 = Release|Any CPU
		{F5EF7ED3-AEA0-41CD-91BA-6EF27C8A2938}.Release|x86.ActiveCfg = Release|Any CPU
		{841DC677-BE6F-46C6-8BF0-B36D76F7602B}.Debug|Any CPU.ActiveCfg = Debug|Any CPU
		{841DC677-BE6F-46C6-8BF0-B36D76F7602B}.Debug|Any CPU.Build.0 = Debug|Any CPU
		{841DC677-BE6F-46C6-8BF0-B36D76F7602B}.Debug|x86.ActiveCfg = Debug|Any CPU
		{841DC677-BE6F-46C6-8BF0-B36D76F7602B}.Release|Any CPU.ActiveCfg = Release|Any CPU
		{841DC677-BE6F-46C6-8BF0-B36D76F7602B}.Release|Any CPU.Build.0 = Release|Any CPU
		{841DC677-BE6F-46C6-8BF0-B36D76F7602B}.Release|x86.ActiveCfg = Release|Any CPU
		{5BE499B8-C550-455D-89B5-CDB391A4F1B0}.Debug|Any CPU.ActiveCfg = Debug|Any CPU
		{5BE499B8-C550-455D-89B5-CDB391A4F1B0}.Debug|Any CPU.Build.0 = Debug|Any CPU
		{5BE499B8-C550-455D-89B5-CDB391A4F1B0}.Debug|x86.ActiveCfg = Debug|Any CPU
		{5BE499B8-C550-455D-89B5-CDB391A4F1B0}.Release|Any CPU.ActiveCfg = Release|Any CPU
		{5BE499B8-C550-455D-89B5-CDB391A4F1B0}.Release|Any CPU.Build.0 = Release|Any CPU
		{5BE499B8-C550-455D-89B5-CDB391A4F1B0}.Release|x86.ActiveCfg = Release|Any CPU
		{D2EC4DED-5D94-4B3C-93F1-94F8FF1A0748}.Debug|Any CPU.ActiveCfg = Debug|Any CPU
		{D2EC4DED-5D94-4B3C-93F1-94F8FF1A0748}.Debug|Any CPU.Build.0 = Debug|Any CPU
		{D2EC4DED-5D94-4B3C-93F1-94F8FF1A0748}.Debug|x86.ActiveCfg = Debug|Any CPU
		{D2EC4DED-5D94-4B3C-93F1-94F8FF1A0748}.Release|Any CPU.ActiveCfg = Release|Any CPU
		{D2EC4DED-5D94-4B3C-93F1-94F8FF1A0748}.Release|Any CPU.Build.0 = Release|Any CPU
		{D2EC4DED-5D94-4B3C-93F1-94F8FF1A0748}.Release|x86.ActiveCfg = Release|Any CPU
		{70BB32CF-7F04-44A5-8A92-CF2CD7410987}.Debug|Any CPU.ActiveCfg = Debug|Any CPU
		{70BB32CF-7F04-44A5-8A92-CF2CD7410987}.Debug|Any CPU.Build.0 = Debug|Any CPU
		{70BB32CF-7F04-44A5-8A92-CF2CD7410987}.Debug|x86.ActiveCfg = Debug|Any CPU
		{70BB32CF-7F04-44A5-8A92-CF2CD7410987}.Release|Any CPU.ActiveCfg = Release|Any CPU
		{70BB32CF-7F04-44A5-8A92-CF2CD7410987}.Release|Any CPU.Build.0 = Release|Any CPU
		{70BB32CF-7F04-44A5-8A92-CF2CD7410987}.Release|x86.ActiveCfg = Release|Any CPU
		{3A9AFCFD-C770-4955-98CD-DCFEE1B2850A}.Debug|Any CPU.ActiveCfg = Debug|Any CPU
		{3A9AFCFD-C770-4955-98CD-DCFEE1B2850A}.Debug|Any CPU.Build.0 = Debug|Any CPU
		{3A9AFCFD-C770-4955-98CD-DCFEE1B2850A}.Debug|x86.ActiveCfg = Debug|Any CPU
		{3A9AFCFD-C770-4955-98CD-DCFEE1B2850A}.Release|Any CPU.ActiveCfg = Release|Any CPU
		{3A9AFCFD-C770-4955-98CD-DCFEE1B2850A}.Release|Any CPU.Build.0 = Release|Any CPU
		{3A9AFCFD-C770-4955-98CD-DCFEE1B2850A}.Release|x86.ActiveCfg = Release|Any CPU
		{5F37499D-FD34-4F01-8891-6471E27D7601}.Debug|Any CPU.ActiveCfg = Debug|Any CPU
		{5F37499D-FD34-4F01-8891-6471E27D7601}.Debug|Any CPU.Build.0 = Debug|Any CPU
		{5F37499D-FD34-4F01-8891-6471E27D7601}.Debug|x86.ActiveCfg = Debug|Any CPU
		{5F37499D-FD34-4F01-8891-6471E27D7601}.Release|Any CPU.ActiveCfg = Release|Any CPU
		{5F37499D-FD34-4F01-8891-6471E27D7601}.Release|Any CPU.Build.0 = Release|Any CPU
		{5F37499D-FD34-4F01-8891-6471E27D7601}.Release|x86.ActiveCfg = Release|Any CPU
		{682173CE-525F-4EDB-969B-81A714024FEF}.Debug|Any CPU.ActiveCfg = Debug|Any CPU
		{682173CE-525F-4EDB-969B-81A714024FEF}.Debug|Any CPU.Build.0 = Debug|Any CPU
		{682173CE-525F-4EDB-969B-81A714024FEF}.Debug|x86.ActiveCfg = Debug|Any CPU
		{682173CE-525F-4EDB-969B-81A714024FEF}.Release|Any CPU.ActiveCfg = Release|Any CPU
		{682173CE-525F-4EDB-969B-81A714024FEF}.Release|Any CPU.Build.0 = Release|Any CPU
		{682173CE-525F-4EDB-969B-81A714024FEF}.Release|x86.ActiveCfg = Release|Any CPU
		{BC325219-13DD-41EA-8960-0CEC456F4AA5}.Debug|Any CPU.ActiveCfg = Debug|Any CPU
		{BC325219-13DD-41EA-8960-0CEC456F4AA5}.Debug|Any CPU.Build.0 = Debug|Any CPU
		{BC325219-13DD-41EA-8960-0CEC456F4AA5}.Debug|x86.ActiveCfg = Debug|x86
		{BC325219-13DD-41EA-8960-0CEC456F4AA5}.Debug|x86.Build.0 = Debug|x86
		{BC325219-13DD-41EA-8960-0CEC456F4AA5}.Release|Any CPU.ActiveCfg = Release|Any CPU
		{BC325219-13DD-41EA-8960-0CEC456F4AA5}.Release|Any CPU.Build.0 = Release|Any CPU
		{BC325219-13DD-41EA-8960-0CEC456F4AA5}.Release|x86.ActiveCfg = Release|x86
		{BC325219-13DD-41EA-8960-0CEC456F4AA5}.Release|x86.Build.0 = Release|x86
	EndGlobalSection
	GlobalSection(SolutionProperties) = preSolution
		HideSolutionNode = FALSE
	EndGlobalSection
	GlobalSection(NestedProjects) = preSolution
		{7637CAE5-8386-4638-B69D-826E94555085} = {E3C81570-F449-4C43-9021-A404148206B3}
		{52A12F34-891F-47B3-9160-F802D09C05D9} = {E3C81570-F449-4C43-9021-A404148206B3}
		{56ACE9F9-2339-405E-B631-14CBC1807BD8} = {E3C81570-F449-4C43-9021-A404148206B3}
		{8077F547-3D58-46F2-B850-F0CC6AAC656C} = {E3C81570-F449-4C43-9021-A404148206B3}
		{5622DB28-042A-49D9-8199-2006DC1C3CA6} = {2AC4C9F9-21DC-4703-8974-A0ADE30EA397}
		{8019D727-74F6-46ED-8D86-DFAB3580A28D} = {E7DE22A6-E0CC-4EAA-A15F-7CB43C7CCB09}
		{FBC72C9D-D156-459B-A132-123F8D7C5507} = {E251D611-C399-4A51-B492-E45565B1B8E7}
		{7612A3BB-8296-4BFF-BFB2-DAE04E93CD46} = {45F4D4B9-78A3-4F6C-9A14-3EA56B009505}
		{3995AC6D-6646-43B9-9413-2549F117BFD7} = {1FBB51B7-C887-4203-A87E-BB50F3CEBBB0}
		{C32EC59C-14EF-4616-B6F7-10E123298A07} = {1FBB51B7-C887-4203-A87E-BB50F3CEBBB0}
		{F5EF7ED3-AEA0-41CD-91BA-6EF27C8A2938} = {1FBB51B7-C887-4203-A87E-BB50F3CEBBB0}
		{841DC677-BE6F-46C6-8BF0-B36D76F7602B} = {1FBB51B7-C887-4203-A87E-BB50F3CEBBB0}
		{5BE499B8-C550-455D-89B5-CDB391A4F1B0} = {1FBB51B7-C887-4203-A87E-BB50F3CEBBB0}
		{D2EC4DED-5D94-4B3C-93F1-94F8FF1A0748} = {05593E23-7556-4CC6-827E-973D14CA08B9}
		{70BB32CF-7F04-44A5-8A92-CF2CD7410987} = {05593E23-7556-4CC6-827E-973D14CA08B9}
		{3A9AFCFD-C770-4955-98CD-DCFEE1B2850A} = {05593E23-7556-4CC6-827E-973D14CA08B9}
		{5F37499D-FD34-4F01-8891-6471E27D7601} = {05593E23-7556-4CC6-827E-973D14CA08B9}
		{682173CE-525F-4EDB-969B-81A714024FEF} = {05593E23-7556-4CC6-827E-973D14CA08B9}
		{BC325219-13DD-41EA-8960-0CEC456F4AA5} = {45F4D4B9-78A3-4F6C-9A14-3EA56B009505}
	EndGlobalSection
EndGlobal
