
Microsoft Visual Studio Solution File, Format Version 12.00
# Visual Studio 2013
VisualStudioVersion = 12.0.21005.1
MinimumVisualStudioVersion = 10.0.40219.1
Project("{2150E333-8FDC-42A3-9474-1A3956D46DE8}") = "Quartz", "Quartz", "{E3C81570-F449-4C43-9021-A404148206B3}"
EndProject
Project("{FAE04EC0-301F-11D3-BF4B-00C04F79EFBC}") = "Quartz.ByCode", "Quartz.ByCode\Quartz.ByCode.csproj", "{7637CAE5-8386-4638-B69D-826E94555085}"
EndProject
Project("{FAE04EC0-301F-11D3-BF4B-00C04F79EFBC}") = "Quartz.Common", "Quartz.Common\Quartz.Common.csproj", "{52A12F34-891F-47B3-9160-F802D09C05D9}"
EndProject
Project("{FAE04EC0-301F-11D3-BF4B-00C04F79EFBC}") = "Quartz.AutoLoadJob", "Quartz.AutoLoadJob\Quartz.AutoLoadJob.csproj", "{56ACE9F9-2339-405E-B631-14CBC1807BD8}"
EndProject
Project("{FAE04EC0-301F-11D3-BF4B-00C04F79EFBC}") = "Quartz.ByManualLoadJobConfig", "Quartz.ByManualLoadJobConfig\Quartz.ByManualLoadJobConfig.csproj", "{8077F547-3D58-46F2-B850-F0CC6AAC656C}"
EndProject
Global
	GlobalSection(SolutionConfigurationPlatforms) = preSolution
		Debug|Any CPU = Debug|Any CPU
		Release|Any CPU = Release|Any CPU
	EndGlobalSection
	GlobalSection(ProjectConfigurationPlatforms) = postSolution
		{7637CAE5-8386-4638-B69D-826E94555085}.Debug|Any CPU.ActiveCfg = Debug|Any CPU
		{7637CAE5-8386-4638-B69D-826E94555085}.Debug|Any CPU.Build.0 = Debug|Any CPU
		{7637CAE5-8386-4638-B69D-826E94555085}.Release|Any CPU.ActiveCfg = Release|Any CPU
		{7637CAE5-8386-4638-B69D-826E94555085}.Release|Any CPU.Build.0 = Release|Any CPU
		{52A12F34-891F-47B3-9160-F802D09C05D9}.Debug|Any CPU.ActiveCfg = Debug|Any CPU
		{52A12F34-891F-47B3-9160-F802D09C05D9}.Debug|Any CPU.Build.0 = Debug|Any CPU
		{52A12F34-891F-47B3-9160-F802D09C05D9}.Release|Any CPU.ActiveCfg = Release|Any CPU
		{52A12F34-891F-47B3-9160-F802D09C05D9}.Release|Any CPU.Build.0 = Release|Any CPU
		{56ACE9F9-2339-405E-B631-14CBC1807BD8}.Debug|Any CPU.ActiveCfg = Debug|Any CPU
		{56ACE9F9-2339-405E-B631-14CBC1807BD8}.Debug|Any CPU.Build.0 = Debug|Any CPU
		{56ACE9F9-2339-405E-B631-14CBC1807BD8}.Release|Any CPU.ActiveCfg = Release|Any CPU
		{56ACE9F9-2339-405E-B631-14CBC1807BD8}.Release|Any CPU.Build.0 = Release|Any CPU
		{8077F547-3D58-46F2-B850-F0CC6AAC656C}.Debug|Any CPU.ActiveCfg = Debug|Any CPU
		{8077F547-3D58-46F2-B850-F0CC6AAC656C}.Debug|Any CPU.Build.0 = Debug|Any CPU
		{8077F547-3D58-46F2-B850-F0CC6AAC656C}.Release|Any CPU.ActiveCfg = Release|Any CPU
		{8077F547-3D58-46F2-B850-F0CC6AAC656C}.Release|Any CPU.Build.0 = Release|Any CPU
	EndGlobalSection
	GlobalSection(SolutionProperties) = preSolution
		HideSolutionNode = FALSE
	EndGlobalSection
	GlobalSection(NestedProjects) = preSolution
		{7637CAE5-8386-4638-B69D-826E94555085} = {E3C81570-F449-4C43-9021-A404148206B3}
		{52A12F34-891F-47B3-9160-F802D09C05D9} = {E3C81570-F449-4C43-9021-A404148206B3}
		{56ACE9F9-2339-405E-B631-14CBC1807BD8} = {E3C81570-F449-4C43-9021-A404148206B3}
		{8077F547-3D58-46F2-B850-F0CC6AAC656C} = {E3C81570-F449-4C43-9021-A404148206B3}
	EndGlobalSection
EndGlobal
